// !$*UTF8*$!
{
	archiveVersion = 1;
	classes = {
	};
	objectVersion = 56;
	objects = {

/* Begin PBXBuildFile section */
		620F57F99D5223FD5DB350FE /* Pods_Arquiteturas.framework in Frameworks */ = {isa = PBXBuildFile; fileRef = 424C9FADA531BAB3C6346574 /* Pods_Arquiteturas.framework */; };
		8DA5EB16298414C500172450 /* AppDelegate.swift in Sources */ = {isa = PBXBuildFile; fileRef = 8DA5EB15298414C500172450 /* AppDelegate.swift */; };
		8DA5EB18298414C500172450 /* SceneDelegate.swift in Sources */ = {isa = PBXBuildFile; fileRef = 8DA5EB17298414C500172450 /* SceneDelegate.swift */; };
		8DA5EB1A298414C500172450 /* HomeViewController.swift in Sources */ = {isa = PBXBuildFile; fileRef = 8DA5EB19298414C500172450 /* HomeViewController.swift */; };
		8DA5EB1D298414C500172450 /* Main.storyboard in Resources */ = {isa = PBXBuildFile; fileRef = 8DA5EB1B298414C500172450 /* Main.storyboard */; };
		8DA5EB1F298414C700172450 /* Assets.xcassets in Resources */ = {isa = PBXBuildFile; fileRef = 8DA5EB1E298414C700172450 /* Assets.xcassets */; };
		8DA5EB22298414C700172450 /* LaunchScreen.storyboard in Resources */ = {isa = PBXBuildFile; fileRef = 8DA5EB20298414C700172450 /* LaunchScreen.storyboard */; };
		8DA5EB2F2984421B00172450 /* UserProvider.swift in Sources */ = {isa = PBXBuildFile; fileRef = 8DA5EB2E2984421B00172450 /* UserProvider.swift */; };
		8DA5EB322984429100172450 /* UserModel.swift in Sources */ = {isa = PBXBuildFile; fileRef = 8DA5EB312984429100172450 /* UserModel.swift */; };
		8DA5EB35298447F000172450 /* Constants.swift in Sources */ = {isa = PBXBuildFile; fileRef = 8DA5EB34298447F000172450 /* Constants.swift */; };
		8DA5EB3729844E0B00172450 /* UserBusiness.swift in Sources */ = {isa = PBXBuildFile; fileRef = 8DA5EB3629844E0B00172450 /* UserBusiness.swift */; };
		8DA5EB392984546A00172450 /* UserManager.swift in Sources */ = {isa = PBXBuildFile; fileRef = 8DA5EB382984546A00172450 /* UserManager.swift */; };
		8DA5EB482984677400172450 /* ArquiteturasTests.swift in Sources */ = {isa = PBXBuildFile; fileRef = 8DA5EB402984665500172450 /* ArquiteturasTests.swift */; };
		8DA5EB4A298468C500172450 /* GoogleService-Info.plist in Resources */ = {isa = PBXBuildFile; fileRef = 8DA5EB49298468C500172450 /* GoogleService-Info.plist */; };
		8DAC174D2988025C000EC430 /* LoginViewController.swift in Sources */ = {isa = PBXBuildFile; fileRef = 8DAC174C2988025C000EC430 /* LoginViewController.swift */; };
		8DAC174F29880A6C000EC430 /* RegisterViewController.swift in Sources */ = {isa = PBXBuildFile; fileRef = 8DAC174E29880A6C000EC430 /* RegisterViewController.swift */; };
		8DAC175129880E74000EC430 /* Extension+UIViewController.swift in Sources */ = {isa = PBXBuildFile; fileRef = 8DAC175029880E74000EC430 /* Extension+UIViewController.swift */; };
/* End PBXBuildFile section */

/* Begin PBXContainerItemProxy section */
		8DA5EB422984665500172450 /* PBXContainerItemProxy */ = {
			isa = PBXContainerItemProxy;
			containerPortal = 8DA5EB0A298414C500172450 /* Project object */;
			proxyType = 1;
			remoteGlobalIDString = 8DA5EB11298414C500172450;
			remoteInfo = Arquiteturas;
		};
/* End PBXContainerItemProxy section */

/* Begin PBXFileReference section */
		424C9FADA531BAB3C6346574 /* Pods_Arquiteturas.framework */ = {isa = PBXFileReference; explicitFileType = wrapper.framework; includeInIndex = 0; path = Pods_Arquiteturas.framework; sourceTree = BUILT_PRODUCTS_DIR; };
		768D61006A77A132DE5BB989 /* Pods-Arquiteturas.debug.xcconfig */ = {isa = PBXFileReference; includeInIndex = 1; lastKnownFileType = text.xcconfig; name = "Pods-Arquiteturas.debug.xcconfig"; path = "Target Support Files/Pods-Arquiteturas/Pods-Arquiteturas.debug.xcconfig"; sourceTree = "<group>"; };
		8DA5EB12298414C500172450 /* Arquiteturas.app */ = {isa = PBXFileReference; explicitFileType = wrapper.application; includeInIndex = 0; path = Arquiteturas.app; sourceTree = BUILT_PRODUCTS_DIR; };
		8DA5EB15298414C500172450 /* AppDelegate.swift */ = {isa = PBXFileReference; lastKnownFileType = sourcecode.swift; path = AppDelegate.swift; sourceTree = "<group>"; };
		8DA5EB17298414C500172450 /* SceneDelegate.swift */ = {isa = PBXFileReference; lastKnownFileType = sourcecode.swift; path = SceneDelegate.swift; sourceTree = "<group>"; };
		8DA5EB19298414C500172450 /* HomeViewController.swift */ = {isa = PBXFileReference; lastKnownFileType = sourcecode.swift; path = HomeViewController.swift; sourceTree = "<group>"; };
		8DA5EB1C298414C500172450 /* Base */ = {isa = PBXFileReference; lastKnownFileType = file.storyboard; name = Base; path = Base.lproj/Main.storyboard; sourceTree = "<group>"; };
		8DA5EB1E298414C700172450 /* Assets.xcassets */ = {isa = PBXFileReference; lastKnownFileType = folder.assetcatalog; path = Assets.xcassets; sourceTree = "<group>"; };
		8DA5EB21298414C700172450 /* Base */ = {isa = PBXFileReference; lastKnownFileType = file.storyboard; name = Base; path = Base.lproj/LaunchScreen.storyboard; sourceTree = "<group>"; };
		8DA5EB23298414C700172450 /* Info.plist */ = {isa = PBXFileReference; lastKnownFileType = text.plist.xml; path = Info.plist; sourceTree = "<group>"; };
		8DA5EB2E2984421B00172450 /* UserProvider.swift */ = {isa = PBXFileReference; lastKnownFileType = sourcecode.swift; path = UserProvider.swift; sourceTree = "<group>"; };
		8DA5EB312984429100172450 /* UserModel.swift */ = {isa = PBXFileReference; lastKnownFileType = sourcecode.swift; path = UserModel.swift; sourceTree = "<group>"; };
		8DA5EB34298447F000172450 /* Constants.swift */ = {isa = PBXFileReference; lastKnownFileType = sourcecode.swift; path = Constants.swift; sourceTree = "<group>"; };
		8DA5EB3629844E0B00172450 /* UserBusiness.swift */ = {isa = PBXFileReference; lastKnownFileType = sourcecode.swift; path = UserBusiness.swift; sourceTree = "<group>"; };
		8DA5EB382984546A00172450 /* UserManager.swift */ = {isa = PBXFileReference; lastKnownFileType = sourcecode.swift; path = UserManager.swift; sourceTree = "<group>"; };
		8DA5EB3E2984665500172450 /* ArquiteturasTests.xctest */ = {isa = PBXFileReference; explicitFileType = wrapper.cfbundle; includeInIndex = 0; path = ArquiteturasTests.xctest; sourceTree = BUILT_PRODUCTS_DIR; };
		8DA5EB402984665500172450 /* ArquiteturasTests.swift */ = {isa = PBXFileReference; lastKnownFileType = sourcecode.swift; path = ArquiteturasTests.swift; sourceTree = "<group>"; };
		8DA5EB49298468C500172450 /* GoogleService-Info.plist */ = {isa = PBXFileReference; fileEncoding = 4; lastKnownFileType = text.plist.xml; name = "GoogleService-Info.plist"; path = "../../../../../Downloads/GoogleService-Info.plist"; sourceTree = "<group>"; };
		8DAC174C2988025C000EC430 /* LoginViewController.swift */ = {isa = PBXFileReference; lastKnownFileType = sourcecode.swift; path = LoginViewController.swift; sourceTree = "<group>"; };
		8DAC174E29880A6C000EC430 /* RegisterViewController.swift */ = {isa = PBXFileReference; lastKnownFileType = sourcecode.swift; path = RegisterViewController.swift; sourceTree = "<group>"; };
		8DAC175029880E74000EC430 /* Extension+UIViewController.swift */ = {isa = PBXFileReference; lastKnownFileType = sourcecode.swift; path = "Extension+UIViewController.swift"; sourceTree = "<group>"; };
		B78912C03E0056B33DDE220A /* Pods-Arquiteturas.release.xcconfig */ = {isa = PBXFileReference; includeInIndex = 1; lastKnownFileType = text.xcconfig; name = "Pods-Arquiteturas.release.xcconfig"; path = "Target Support Files/Pods-Arquiteturas/Pods-Arquiteturas.release.xcconfig"; sourceTree = "<group>"; };
/* End PBXFileReference section */

/* Begin PBXFrameworksBuildPhase section */
		8DA5EB0F298414C500172450 /* Frameworks */ = {
			isa = PBXFrameworksBuildPhase;
			buildActionMask = 2147483647;
			files = (
				620F57F99D5223FD5DB350FE /* Pods_Arquiteturas.framework in Frameworks */,
			);
			runOnlyForDeploymentPostprocessing = 0;
		};
		8DA5EB3B2984665400172450 /* Frameworks */ = {
			isa = PBXFrameworksBuildPhase;
			buildActionMask = 2147483647;
			files = (
			);
			runOnlyForDeploymentPostprocessing = 0;
		};
/* End PBXFrameworksBuildPhase section */

/* Begin PBXGroup section */
		2D8646A50C5BF02EE379CF20 /* Pods */ = {
			isa = PBXGroup;
			children = (
				768D61006A77A132DE5BB989 /* Pods-Arquiteturas.debug.xcconfig */,
				B78912C03E0056B33DDE220A /* Pods-Arquiteturas.release.xcconfig */,
			);
			path = Pods;
			sourceTree = "<group>";
		};
		8DA5EB09298414C500172450 = {
			isa = PBXGroup;
			children = (
				8DA5EB14298414C500172450 /* Arquiteturas */,
				8DA5EB3F2984665500172450 /* ArquiteturasTests */,
				8DA5EB13298414C500172450 /* Products */,
				2D8646A50C5BF02EE379CF20 /* Pods */,
				C6DC39EF3ADA612BAC0C77EB /* Frameworks */,
			);
			sourceTree = "<group>";
		};
		8DA5EB13298414C500172450 /* Products */ = {
			isa = PBXGroup;
			children = (
				8DA5EB12298414C500172450 /* Arquiteturas.app */,
				8DA5EB3E2984665500172450 /* ArquiteturasTests.xctest */,
			);
			name = Products;
			sourceTree = "<group>";
		};
		8DA5EB14298414C500172450 /* Arquiteturas */ = {
			isa = PBXGroup;
			children = (
				8DAC17492987FE82000EC430 /* Controllers */,
				8DA5EB2D29843E8200172450 /* Source */,
				8DA5EB2929843E5400172450 /* API */,
				8DA5EB332984473E00172450 /* Infra */,
				8DAC175229880F95000EC430 /* Util */,
				8DA5EB23298414C700172450 /* Info.plist */,
				8DA5EB49298468C500172450 /* GoogleService-Info.plist */,
			);
			path = Arquiteturas;
			sourceTree = "<group>";
		};
		8DA5EB2929843E5400172450 /* API */ = {
			isa = PBXGroup;
			children = (
				8DA5EB302984428300172450 /* Model */,
				8DA5EB2C29843E6900172450 /* Provider */,
				8DA5EB2B29843E6300172450 /* Manager */,
				8DA5EB2A29843E5900172450 /* Business */,
			);
			path = API;
			sourceTree = "<group>";
		};
		8DA5EB2A29843E5900172450 /* Business */ = {
			isa = PBXGroup;
			children = (
				8DA5EB3629844E0B00172450 /* UserBusiness.swift */,
			);
			path = Business;
			sourceTree = "<group>";
		};
		8DA5EB2B29843E6300172450 /* Manager */ = {
			isa = PBXGroup;
			children = (
				8DA5EB382984546A00172450 /* UserManager.swift */,
			);
			path = Manager;
			sourceTree = "<group>";
		};
		8DA5EB2C29843E6900172450 /* Provider */ = {
			isa = PBXGroup;
			children = (
				8DA5EB2E2984421B00172450 /* UserProvider.swift */,
			);
			path = Provider;
			sourceTree = "<group>";
		};
		8DA5EB2D29843E8200172450 /* Source */ = {
			isa = PBXGroup;
			children = (
				8DA5EB15298414C500172450 /* AppDelegate.swift */,
				8DA5EB17298414C500172450 /* SceneDelegate.swift */,
				8DA5EB1B298414C500172450 /* Main.storyboard */,
				8DA5EB1E298414C700172450 /* Assets.xcassets */,
				8DA5EB20298414C700172450 /* LaunchScreen.storyboard */,
			);
			path = Source;
			sourceTree = "<group>";
		};
		8DA5EB302984428300172450 /* Model */ = {
			isa = PBXGroup;
			children = (
				8DA5EB312984429100172450 /* UserModel.swift */,
			);
			path = Model;
			sourceTree = "<group>";
		};
		8DA5EB332984473E00172450 /* Infra */ = {
			isa = PBXGroup;
			children = (
				8DA5EB34298447F000172450 /* Constants.swift */,
			);
			path = Infra;
			sourceTree = "<group>";
		};
		8DA5EB3F2984665500172450 /* ArquiteturasTests */ = {
			isa = PBXGroup;
			children = (
				8DA5EB402984665500172450 /* ArquiteturasTests.swift */,
			);
			path = ArquiteturasTests;
			sourceTree = "<group>";
		};
		8DAC17492987FE82000EC430 /* Controllers */ = {
			isa = PBXGroup;
			children = (
				8DA5EB19298414C500172450 /* HomeViewController.swift */,
				8DAC174C2988025C000EC430 /* LoginViewController.swift */,
				8DAC174E29880A6C000EC430 /* RegisterViewController.swift */,
			);
			path = Controllers;
			sourceTree = "<group>";
		};
		8DAC175229880F95000EC430 /* Util */ = {
			isa = PBXGroup;
			children = (
				8DAC175029880E74000EC430 /* Extension+UIViewController.swift */,
			);
			path = Util;
			sourceTree = "<group>";
		};
		C6DC39EF3ADA612BAC0C77EB /* Frameworks */ = {
			isa = PBXGroup;
			children = (
				424C9FADA531BAB3C6346574 /* Pods_Arquiteturas.framework */,
			);
			name = Frameworks;
			sourceTree = "<group>";
		};
/* End PBXGroup section */

/* Begin PBXNativeTarget section */
		8DA5EB11298414C500172450 /* Arquiteturas */ = {
			isa = PBXNativeTarget;
			buildConfigurationList = 8DA5EB26298414C700172450 /* Build configuration list for PBXNativeTarget "Arquiteturas" */;
			buildPhases = (
				89A7D74EE54B3ADAD4C29A7A /* [CP] Check Pods Manifest.lock */,
				8DA5EB0E298414C500172450 /* Sources */,
				8DA5EB0F298414C500172450 /* Frameworks */,
				8DA5EB10298414C500172450 /* Resources */,
				BE58802D794215A958B9D744 /* [CP] Embed Pods Frameworks */,
			);
			buildRules = (
			);
			dependencies = (
			);
			name = Arquiteturas;
			productName = Arquiteturas;
			productReference = 8DA5EB12298414C500172450 /* Arquiteturas.app */;
			productType = "com.apple.product-type.application";
		};
		8DA5EB3D2984665400172450 /* ArquiteturasTests */ = {
			isa = PBXNativeTarget;
			buildConfigurationList = 8DA5EB442984665500172450 /* Build configuration list for PBXNativeTarget "ArquiteturasTests" */;
			buildPhases = (
				8DA5EB3A2984665400172450 /* Sources */,
				8DA5EB3B2984665400172450 /* Frameworks */,
				8DA5EB3C2984665400172450 /* Resources */,
			);
			buildRules = (
			);
			dependencies = (
				8DA5EB432984665500172450 /* PBXTargetDependency */,
			);
			name = ArquiteturasTests;
			productName = ArquiteturasTests;
			productReference = 8DA5EB3E2984665500172450 /* ArquiteturasTests.xctest */;
			productType = "com.apple.product-type.bundle.unit-test";
		};
/* End PBXNativeTarget section */

/* Begin PBXProject section */
		8DA5EB0A298414C500172450 /* Project object */ = {
			isa = PBXProject;
			attributes = {
				BuildIndependentTargetsInParallel = 1;
				LastSwiftUpdateCheck = 1420;
				LastUpgradeCheck = 1420;
				TargetAttributes = {
					8DA5EB11298414C500172450 = {
						CreatedOnToolsVersion = 14.2;
					};
					8DA5EB3D2984665400172450 = {
						CreatedOnToolsVersion = 14.2;
						TestTargetID = 8DA5EB11298414C500172450;
					};
				};
			};
			buildConfigurationList = 8DA5EB0D298414C500172450 /* Build configuration list for PBXProject "Arquiteturas" */;
			compatibilityVersion = "Xcode 14.0";
			developmentRegion = en;
			hasScannedForEncodings = 0;
			knownRegions = (
				en,
				Base,
			);
			mainGroup = 8DA5EB09298414C500172450;
			productRefGroup = 8DA5EB13298414C500172450 /* Products */;
			projectDirPath = "";
			projectRoot = "";
			targets = (
				8DA5EB11298414C500172450 /* Arquiteturas */,
				8DA5EB3D2984665400172450 /* ArquiteturasTests */,
			);
		};
/* End PBXProject section */

/* Begin PBXResourcesBuildPhase section */
		8DA5EB10298414C500172450 /* Resources */ = {
			isa = PBXResourcesBuildPhase;
			buildActionMask = 2147483647;
			files = (
				8DA5EB22298414C700172450 /* LaunchScreen.storyboard in Resources */,
				8DA5EB4A298468C500172450 /* GoogleService-Info.plist in Resources */,
				8DA5EB1F298414C700172450 /* Assets.xcassets in Resources */,
				8DA5EB1D298414C500172450 /* Main.storyboard in Resources */,
			);
			runOnlyForDeploymentPostprocessing = 0;
		};
		8DA5EB3C2984665400172450 /* Resources */ = {
			isa = PBXResourcesBuildPhase;
			buildActionMask = 2147483647;
			files = (
			);
			runOnlyForDeploymentPostprocessing = 0;
		};
/* End PBXResourcesBuildPhase section */

/* Begin PBXShellScriptBuildPhase section */
		89A7D74EE54B3ADAD4C29A7A /* [CP] Check Pods Manifest.lock */ = {
			isa = PBXShellScriptBuildPhase;
			buildActionMask = 2147483647;
			files = (
			);
			inputFileListPaths = (
			);
			inputPaths = (
				"${PODS_PODFILE_DIR_PATH}/Podfile.lock",
				"${PODS_ROOT}/Manifest.lock",
			);
			name = "[CP] Check Pods Manifest.lock";
			outputFileListPaths = (
			);
			outputPaths = (
				"$(DERIVED_FILE_DIR)/Pods-Arquiteturas-checkManifestLockResult.txt",
			);
			runOnlyForDeploymentPostprocessing = 0;
			shellPath = /bin/sh;
			shellScript = "diff \"${PODS_PODFILE_DIR_PATH}/Podfile.lock\" \"${PODS_ROOT}/Manifest.lock\" > /dev/null\nif [ $? != 0 ] ; then\n    # print error to STDERR\n    echo \"error: The sandbox is not in sync with the Podfile.lock. Run 'pod install' or update your CocoaPods installation.\" >&2\n    exit 1\nfi\n# This output is used by Xcode 'outputs' to avoid re-running this script phase.\necho \"SUCCESS\" > \"${SCRIPT_OUTPUT_FILE_0}\"\n";
			showEnvVarsInLog = 0;
		};
		BE58802D794215A958B9D744 /* [CP] Embed Pods Frameworks */ = {
			isa = PBXShellScriptBuildPhase;
			buildActionMask = 2147483647;
			files = (
			);
			inputFileListPaths = (
				"${PODS_ROOT}/Target Support Files/Pods-Arquiteturas/Pods-Arquiteturas-frameworks-${CONFIGURATION}-input-files.xcfilelist",
			);
			name = "[CP] Embed Pods Frameworks";
			outputFileListPaths = (
				"${PODS_ROOT}/Target Support Files/Pods-Arquiteturas/Pods-Arquiteturas-frameworks-${CONFIGURATION}-output-files.xcfilelist",
			);
			runOnlyForDeploymentPostprocessing = 0;
			shellPath = /bin/sh;
			shellScript = "\"${PODS_ROOT}/Target Support Files/Pods-Arquiteturas/Pods-Arquiteturas-frameworks.sh\"\n";
			showEnvVarsInLog = 0;
		};
/* End PBXShellScriptBuildPhase section */

/* Begin PBXSourcesBuildPhase section */
		8DA5EB0E298414C500172450 /* Sources */ = {
			isa = PBXSourcesBuildPhase;
			buildActionMask = 2147483647;
			files = (
				8DAC174D2988025C000EC430 /* LoginViewController.swift in Sources */,
				8DAC174F29880A6C000EC430 /* RegisterViewController.swift in Sources */,
				8DA5EB1A298414C500172450 /* HomeViewController.swift in Sources */,
				8DA5EB16298414C500172450 /* AppDelegate.swift in Sources */,
				8DAC175129880E74000EC430 /* Extension+UIViewController.swift in Sources */,
				8DA5EB18298414C500172450 /* SceneDelegate.swift in Sources */,
				8DA5EB322984429100172450 /* UserModel.swift in Sources */,
				8DA5EB2F2984421B00172450 /* UserProvider.swift in Sources */,
				8DA5EB35298447F000172450 /* Constants.swift in Sources */,
				8DA5EB392984546A00172450 /* UserManager.swift in Sources */,
				8DA5EB3729844E0B00172450 /* UserBusiness.swift in Sources */,
			);
			runOnlyForDeploymentPostprocessing = 0;
		};
		8DA5EB3A2984665400172450 /* Sources */ = {
			isa = PBXSourcesBuildPhase;
			buildActionMask = 2147483647;
			files = (
				8DA5EB482984677400172450 /* ArquiteturasTests.swift in Sources */,
			);
			runOnlyForDeploymentPostprocessing = 0;
		};
/* End PBXSourcesBuildPhase section */

/* Begin PBXTargetDependency section */
		8DA5EB432984665500172450 /* PBXTargetDependency */ = {
			isa = PBXTargetDependency;
			target = 8DA5EB11298414C500172450 /* Arquiteturas */;
			targetProxy = 8DA5EB422984665500172450 /* PBXContainerItemProxy */;
		};
/* End PBXTargetDependency section */

/* Begin PBXVariantGroup section */
		8DA5EB1B298414C500172450 /* Main.storyboard */ = {
			isa = PBXVariantGroup;
			children = (
				8DA5EB1C298414C500172450 /* Base */,
			);
			name = Main.storyboard;
			sourceTree = "<group>";
		};
		8DA5EB20298414C700172450 /* LaunchScreen.storyboard */ = {
			isa = PBXVariantGroup;
			children = (
				8DA5EB21298414C700172450 /* Base */,
			);
			name = LaunchScreen.storyboard;
			sourceTree = "<group>";
		};
/* End PBXVariantGroup section */

/* Begin XCBuildConfiguration section */
		8DA5EB24298414C700172450 /* Debug */ = {
			isa = XCBuildConfiguration;
			buildSettings = {
				ALWAYS_SEARCH_USER_PATHS = NO;
				CLANG_ANALYZER_NONNULL = YES;
				CLANG_ANALYZER_NUMBER_OBJECT_CONVERSION = YES_AGGRESSIVE;
				CLANG_CXX_LANGUAGE_STANDARD = "gnu++20";
				CLANG_ENABLE_MODULES = YES;
				CLANG_ENABLE_OBJC_ARC = YES;
				CLANG_ENABLE_OBJC_WEAK = YES;
				CLANG_WARN_BLOCK_CAPTURE_AUTORELEASING = YES;
				CLANG_WARN_BOOL_CONVERSION = YES;
				CLANG_WARN_COMMA = YES;
				CLANG_WARN_CONSTANT_CONVERSION = YES;
				CLANG_WARN_DEPRECATED_OBJC_IMPLEMENTATIONS = YES;
				CLANG_WARN_DIRECT_OBJC_ISA_USAGE = YES_ERROR;
				CLANG_WARN_DOCUMENTATION_COMMENTS = YES;
				CLANG_WARN_EMPTY_BODY = YES;
				CLANG_WARN_ENUM_CONVERSION = YES;
				CLANG_WARN_INFINITE_RECURSION = YES;
				CLANG_WARN_INT_CONVERSION = YES;
				CLANG_WARN_NON_LITERAL_NULL_CONVERSION = YES;
				CLANG_WARN_OBJC_IMPLICIT_RETAIN_SELF = YES;
				CLANG_WARN_OBJC_LITERAL_CONVERSION = YES;
				CLANG_WARN_OBJC_ROOT_CLASS = YES_ERROR;
				CLANG_WARN_QUOTED_INCLUDE_IN_FRAMEWORK_HEADER = YES;
				CLANG_WARN_RANGE_LOOP_ANALYSIS = YES;
				CLANG_WARN_STRICT_PROTOTYPES = YES;
				CLANG_WARN_SUSPICIOUS_MOVE = YES;
				CLANG_WARN_UNGUARDED_AVAILABILITY = YES_AGGRESSIVE;
				CLANG_WARN_UNREACHABLE_CODE = YES;
				CLANG_WARN__DUPLICATE_METHOD_MATCH = YES;
				COPY_PHASE_STRIP = NO;
				DEBUG_INFORMATION_FORMAT = dwarf;
				ENABLE_STRICT_OBJC_MSGSEND = YES;
				ENABLE_TESTABILITY = YES;
				GCC_C_LANGUAGE_STANDARD = gnu11;
				GCC_DYNAMIC_NO_PIC = NO;
				GCC_NO_COMMON_BLOCKS = YES;
				GCC_OPTIMIZATION_LEVEL = 0;
				GCC_PREPROCESSOR_DEFINITIONS = (
					"DEBUG=1",
					"$(inherited)",
				);
				GCC_WARN_64_TO_32_BIT_CONVERSION = YES;
				GCC_WARN_ABOUT_RETURN_TYPE = YES_ERROR;
				GCC_WARN_UNDECLARED_SELECTOR = YES;
				GCC_WARN_UNINITIALIZED_AUTOS = YES_AGGRESSIVE;
				GCC_WARN_UNUSED_FUNCTION = YES;
				GCC_WARN_UNUSED_VARIABLE = YES;
				IPHONEOS_DEPLOYMENT_TARGET = 16.2;
				MTL_ENABLE_DEBUG_INFO = INCLUDE_SOURCE;
				MTL_FAST_MATH = YES;
				ONLY_ACTIVE_ARCH = YES;
				SDKROOT = iphoneos;
				SWIFT_ACTIVE_COMPILATION_CONDITIONS = DEBUG;
				SWIFT_OPTIMIZATION_LEVEL = "-Onone";
			};
			name = Debug;
		};
		8DA5EB25298414C700172450 /* Release */ = {
			isa = XCBuildConfiguration;
			buildSettings = {
				ALWAYS_SEARCH_USER_PATHS = NO;
				CLANG_ANALYZER_NONNULL = YES;
				CLANG_ANALYZER_NUMBER_OBJECT_CONVERSION = YES_AGGRESSIVE;
				CLANG_CXX_LANGUAGE_STANDARD = "gnu++20";
				CLANG_ENABLE_MODULES = YES;
				CLANG_ENABLE_OBJC_ARC = YES;
				CLANG_ENABLE_OBJC_WEAK = YES;
				CLANG_WARN_BLOCK_CAPTURE_AUTORELEASING = YES;
				CLANG_WARN_BOOL_CONVERSION = YES;
				CLANG_WARN_COMMA = YES;
				CLANG_WARN_CONSTANT_CONVERSION = YES;
				CLANG_WARN_DEPRECATED_OBJC_IMPLEMENTATIONS = YES;
				CLANG_WARN_DIRECT_OBJC_ISA_USAGE = YES_ERROR;
				CLANG_WARN_DOCUMENTATION_COMMENTS = YES;
				CLANG_WARN_EMPTY_BODY = YES;
				CLANG_WARN_ENUM_CONVERSION = YES;
				CLANG_WARN_INFINITE_RECURSION = YES;
				CLANG_WARN_INT_CONVERSION = YES;
				CLANG_WARN_NON_LITERAL_NULL_CONVERSION = YES;
				CLANG_WARN_OBJC_IMPLICIT_RETAIN_SELF = YES;
				CLANG_WARN_OBJC_LITERAL_CONVERSION = YES;
				CLANG_WARN_OBJC_ROOT_CLASS = YES_ERROR;
				CLANG_WARN_QUOTED_INCLUDE_IN_FRAMEWORK_HEADER = YES;
				CLANG_WARN_RANGE_LOOP_ANALYSIS = YES;
				CLANG_WARN_STRICT_PROTOTYPES = YES;
				CLANG_WARN_SUSPICIOUS_MOVE = YES;
				CLANG_WARN_UNGUARDED_AVAILABILITY = YES_AGGRESSIVE;
				CLANG_WARN_UNREACHABLE_CODE = YES;
				CLANG_WARN__DUPLICATE_METHOD_MATCH = YES;
				COPY_PHASE_STRIP = NO;
				DEBUG_INFORMATION_FORMAT = "dwarf-with-dsym";
				ENABLE_NS_ASSERTIONS = NO;
				ENABLE_STRICT_OBJC_MSGSEND = YES;
				GCC_C_LANGUAGE_STANDARD = gnu11;
				GCC_NO_COMMON_BLOCKS = YES;
				GCC_WARN_64_TO_32_BIT_CONVERSION = YES;
				GCC_WARN_ABOUT_RETURN_TYPE = YES_ERROR;
				GCC_WARN_UNDECLARED_SELECTOR = YES;
				GCC_WARN_UNINITIALIZED_AUTOS = YES_AGGRESSIVE;
				GCC_WARN_UNUSED_FUNCTION = YES;
				GCC_WARN_UNUSED_VARIABLE = YES;
				IPHONEOS_DEPLOYMENT_TARGET = 16.2;
				MTL_ENABLE_DEBUG_INFO = NO;
				MTL_FAST_MATH = YES;
				SDKROOT = iphoneos;
				SWIFT_COMPILATION_MODE = wholemodule;
				SWIFT_OPTIMIZATION_LEVEL = "-O";
				VALIDATE_PRODUCT = YES;
			};
			name = Release;
		};
		8DA5EB27298414C700172450 /* Debug */ = {
			isa = XCBuildConfiguration;
			baseConfigurationReference = 768D61006A77A132DE5BB989 /* Pods-Arquiteturas.debug.xcconfig */;
			buildSettings = {
				ASSETCATALOG_COMPILER_APPICON_NAME = AppIcon;
				ASSETCATALOG_COMPILER_GLOBAL_ACCENT_COLOR_NAME = AccentColor;
				CODE_SIGN_STYLE = Automatic;
				CURRENT_PROJECT_VERSION = 1;
				DEVELOPMENT_TEAM = T68CB4R9H5;
				GENERATE_INFOPLIST_FILE = YES;
				INFOPLIST_FILE = Arquiteturas/Info.plist;
				INFOPLIST_KEY_UIApplicationSupportsIndirectInputEvents = YES;
				INFOPLIST_KEY_UILaunchStoryboardName = LaunchScreen;
				INFOPLIST_KEY_UIMainStoryboardFile = Main;
				INFOPLIST_KEY_UISupportedInterfaceOrientations_iPad = "UIInterfaceOrientationPortrait UIInterfaceOrientationPortraitUpsideDown UIInterfaceOrientationLandscapeLeft UIInterfaceOrientationLandscapeRight";
				INFOPLIST_KEY_UISupportedInterfaceOrientations_iPhone = "UIInterfaceOrientationPortrait UIInterfaceOrientationLandscapeLeft UIInterfaceOrientationLandscapeRight";
				LD_RUNPATH_SEARCH_PATHS = (
					"$(inherited)",
					"@executable_path/Frameworks",
				);
				MARKETING_VERSION = 1.0;
				PRODUCT_BUNDLE_IDENTIFIER = fre.Arquiteturas;
				PRODUCT_NAME = "$(TARGET_NAME)";
				SWIFT_EMIT_LOC_STRINGS = YES;
				SWIFT_VERSION = 5.0;
				TARGETED_DEVICE_FAMILY = "1,2";
			};
			name = Debug;
		};
		8DA5EB28298414C700172450 /* Release */ = {
			isa = XCBuildConfiguration;
			baseConfigurationReference = B78912C03E0056B33DDE220A /* Pods-Arquiteturas.release.xcconfig */;
			buildSettings = {
				ASSETCATALOG_COMPILER_APPICON_NAME = AppIcon;
				ASSETCATALOG_COMPILER_GLOBAL_ACCENT_COLOR_NAME = AccentColor;
				CODE_SIGN_STYLE = Automatic;
				CURRENT_PROJECT_VERSION = 1;
				DEVELOPMENT_TEAM = T68CB4R9H5;
				GENERATE_INFOPLIST_FILE = YES;
				INFOPLIST_FILE = Arquiteturas/Info.plist;
				INFOPLIST_KEY_UIApplicationSupportsIndirectInputEvents = YES;
				INFOPLIST_KEY_UILaunchStoryboardName = LaunchScreen;
				INFOPLIST_KEY_UIMainStoryboardFile = Main;
				INFOPLIST_KEY_UISupportedInterfaceOrientations_iPad = "UIInterfaceOrientationPortrait UIInterfaceOrientationPortraitUpsideDown UIInterfaceOrientationLandscapeLeft UIInterfaceOrientationLandscapeRight";
				INFOPLIST_KEY_UISupportedInterfaceOrientations_iPhone = "UIInterfaceOrientationPortrait UIInterfaceOrientationLandscapeLeft UIInterfaceOrientationLandscapeRight";
				LD_RUNPATH_SEARCH_PATHS = (
					"$(inherited)",
					"@executable_path/Frameworks",
				);
				MARKETING_VERSION = 1.0;
				PRODUCT_BUNDLE_IDENTIFIER = fre.Arquiteturas;
				PRODUCT_NAME = "$(TARGET_NAME)";
				SWIFT_EMIT_LOC_STRINGS = YES;
				SWIFT_VERSION = 5.0;
				TARGETED_DEVICE_FAMILY = "1,2";
			};
			name = Release;
		};
		8DA5EB452984665500172450 /* Debug */ = {
			isa = XCBuildConfiguration;
			buildSettings = {
				BUNDLE_LOADER = "$(TEST_HOST)";
				CODE_SIGN_STYLE = Automatic;
				CURRENT_PROJECT_VERSION = 1;
				DEVELOPMENT_TEAM = T68CB4R9H5;
				GENERATE_INFOPLIST_FILE = YES;
				MARKETING_VERSION = 1.0;
				PRODUCT_BUNDLE_IDENTIFIER = fre.ArquiteturasTests;
				PRODUCT_NAME = "$(TARGET_NAME)";
				SWIFT_EMIT_LOC_STRINGS = NO;
				SWIFT_VERSION = 5.0;
				TARGETED_DEVICE_FAMILY = "1,2";
				TEST_HOST = "$(BUILT_PRODUCTS_DIR)/Arquiteturas.app/$(BUNDLE_EXECUTABLE_FOLDER_PATH)/Arquiteturas";
			};
			name = Debug;
		};
		8DA5EB462984665500172450 /* Release */ = {
			isa = XCBuildConfiguration;
			buildSettings = {
				BUNDLE_LOADER = "$(TEST_HOST)";
				CODE_SIGN_STYLE = Automatic;
				CURRENT_PROJECT_VERSION = 1;
				DEVELOPMENT_TEAM = T68CB4R9H5;
				GENERATE_INFOPLIST_FILE = YES;
				MARKETING_VERSION = 1.0;
				PRODUCT_BUNDLE_IDENTIFIER = fre.ArquiteturasTests;
				PRODUCT_NAME = "$(TARGET_NAME)";
				SWIFT_EMIT_LOC_STRINGS = NO;
				SWIFT_VERSION = 5.0;
				TARGETED_DEVICE_FAMILY = "1,2";
				TEST_HOST = "$(BUILT_PRODUCTS_DIR)/Arquiteturas.app/$(BUNDLE_EXECUTABLE_FOLDER_PATH)/Arquiteturas";
			};
			name = Release;
		};
/* End XCBuildConfiguration section */

/* Begin XCConfigurationList section */
		8DA5EB0D298414C500172450 /* Build configuration list for PBXProject "Arquiteturas" */ = {
			isa = XCConfigurationList;
			buildConfigurations = (
				8DA5EB24298414C700172450 /* Debug */,
				8DA5EB25298414C700172450 /* Release */,
			);
			defaultConfigurationIsVisible = 0;
			defaultConfigurationName = Release;
		};
		8DA5EB26298414C700172450 /* Build configuration list for PBXNativeTarget "Arquiteturas" */ = {
			isa = XCConfigurationList;
			buildConfigurations = (
				8DA5EB27298414C700172450 /* Debug */,
				8DA5EB28298414C700172450 /* Release */,
			);
			defaultConfigurationIsVisible = 0;
			defaultConfigurationName = Release;
		};
		8DA5EB442984665500172450 /* Build configuration list for PBXNativeTarget "ArquiteturasTests" */ = {
			isa = XCConfigurationList;
			buildConfigurations = (
				8DA5EB452984665500172450 /* Debug */,
				8DA5EB462984665500172450 /* Release */,
			);
			defaultConfigurationIsVisible = 0;
			defaultConfigurationName = Release;
		};
/* End XCConfigurationList section */
	};
	rootObject = 8DA5EB0A298414C500172450 /* Project object */;
}
